
Microsoft Visual Studio Solution File, Format Version 12.00
# Visual Studio Version 16
VisualStudioVersion = 16.0.31424.327
MinimumVisualStudioVersion = 10.0.40219.1
Project("{FAE04EC0-301F-11D3-BF4B-00C04F79EFBC}") = "TestProject1", "TestProject1.csproj", "{FA743EF6-87DD-498C-8E4E-32C61950B11E}"
EndProject
Project("{FAE04EC0-301F-11D3-BF4B-00C04F79EFBC}") = "Dominio", "..\Dominio\Dominio.csproj", "{430394B2-B5CC-4D28-9918-1D7ADA6A0D78}"
EndProject
Global
	GlobalSection(SolutionConfigurationPlatforms) = preSolution
		Debug|Any CPU = Debug|Any CPU
		Release|Any CPU = Release|Any CPU
	EndGlobalSection
	GlobalSection(ProjectConfigurationPlatforms) = postSolution
		{FA743EF6-87DD-498C-8E4E-32C61950B11E}.Debug|Any CPU.ActiveCfg = Debug|Any CPU
		{FA743EF6-87DD-498C-8E4E-32C61950B11E}.Debug|Any CPU.Build.0 = Debug|Any CPU
		{FA743EF6-87DD-498C-8E4E-32C61950B11E}.Release|Any CPU.ActiveCfg = Release|Any CPU
		{FA743EF6-87DD-498C-8E4E-32C61950B11E}.Release|Any CPU.Build.0 = Release|Any CPU
		{430394B2-B5CC-4D28-9918-1D7ADA6A0D78}.Debug|Any CPU.ActiveCfg = Debug|Any CPU
		{430394B2-B5CC-4D28-9918-1D7ADA6A0D78}.Debug|Any CPU.Build.0 = Debug|Any CPU
		{430394B2-B5CC-4D28-9918-1D7ADA6A0D78}.Release|Any CPU.ActiveCfg = Release|Any CPU
		{430394B2-B5CC-4D28-9918-1D7ADA6A0D78}.Release|Any CPU.Build.0 = Release|Any CPU
	EndGlobalSection
	GlobalSection(SolutionProperties) = preSolution
		HideSolutionNode = FALSE
	EndGlobalSection
	GlobalSection(ExtensibilityGlobals) = postSolution
		SolutionGuid = {17706CEE-FA12-4681-B249-A4E7108A1195}
	EndGlobalSection
EndGlobal
